<Solution>
  <Folder Name="/BuildingBlocks/">
    <Project Path="BuildingBlocks/EvnHanoi.Core/EvnHanoi.Core.csproj" />
    <Project Path="BuildingBlocks/EvnHanoi.Infrastructure/EvnHanoi.Infrastructure.csproj" />
  </Folder>
  <Folder Name="/Microservices/">
    <Project Path="Microservices/EvnHanoi.IdentityService/EvnHanoi.IdentityService.csproj" />
  </Folder>
</Solution>
